<?xml version="1.0" encoding="utf-8"?>
<Project ToolsVersion="4.0" xmlns="http://schemas.microsoft.com/developer/msbuild/2003">
  <ItemGroup>
    <Filter Include="Source Files">
      <UniqueIdentifier>{4FC737F1-C7A5-4376-A066-2A32D752A2FF}</UniqueIdentifier>
      <Extensions>cpp;c;cc;cxx;c++;cppm;ixx;def;odl;idl;hpj;bat;asm;asmx</Extensions>
    </Filter>
    <Filter Include="Header Files">
      <UniqueIdentifier>{93995380-89BD-4b04-88EB-625FBE52EBFB}</UniqueIdentifier>
      <Extensions>h;hh;hpp;hxx;h++;hm;inl;inc;ipp;xsd</Extensions>
    </Filter>
    <Filter Include="Resource Files">
      <UniqueIdentifier>{67DA6AB6-F800-4c08-8B7A-83BB121AAD01}</UniqueIdentifier>
      <Extensions>rc;ico;cur;bmp;dlg;rc2;rct;bin;rgs;gif;jpg;jpeg;jpe;resx;tiff;tif;png;wav;mfcribbon-ms</Extensions>
    </Filter>
  </ItemGroup>
  <ItemGroup>
    <ClInclude Include="src\appdata\il2cpp-api-functions.h">
      <Filter>Header Files</Filter>
    </ClInclude>
    <ClInclude Include="src\appdata\il2cpp-functions.h">
      <Filter>Header Files</Filter>
    </ClInclude>
    <ClInclude Include="src\appdata\il2cpp-metadata-version.h">
      <Filter>Header Files</Filter>
    </ClInclude>
    <ClInclude Include="src\appdata\il2cpp-types.h">
      <Filter>Header Files</Filter>
    </ClInclude>
    <ClInclude Include="src\appdata\il2cpp-types-ptr.h">
      <Filter>Header Files</Filter>
    </ClInclude>
    <ClInclude Include="src\appdata\il2cpp-unityplayer-functions.h">
      <Filter>Header Files</Filter>
    </ClInclude>
    <ClInclude Include="src\framework\helpers.h">
      <Filter>Header Files</Filter>
    </ClInclude>
    <ClInclude Include="src\framework\il2cpp-appdata.h">
      <Filter>Header Files</Filter>
    </ClInclude>
    <ClInclude Include="src\framework\il2cpp-init.h">
      <Filter>Header Files</Filter>
    </ClInclude>
    <ClInclude Include="src\framework\pch-il2cpp.h">
      <Filter>Header Files</Filter>
    </ClInclude>
    <ClInclude Include="src\user\cheat\misc\sniffer\PacketSniffer.h">
      <Filter>Header Files</Filter>
    </ClInclude>
    <ClInclude Include="src\user\cheat\misc\Debug.h">
      <Filter>Header Files</Filter>
    </ClInclude>
    <ClInclude Include="src\user\cheat\misc\Hotkeys.h">
      <Filter>Header Files</Filter>
    </ClInclude>
    <ClInclude Include="src\user\cheat\misc\ProtectionBypass.h">
      <Filter>Header Files</Filter>
    </ClInclude>
    <ClInclude Include="src\user\cheat\player\GodMode.h">
      <Filter>Header Files</Filter>
    </ClInclude>
    <ClInclude Include="src\user\cheat\player\InfiniteStamina.h">
      <Filter>Header Files</Filter>
    </ClInclude>
    <ClInclude Include="src\user\cheat\player\NoCD.h">
      <Filter>Header Files</Filter>
    </ClInclude>
    <ClInclude Include="src\user\cheat\player\NoClip.h">
      <Filter>Header Files</Filter>
    </ClInclude>
    <ClInclude Include="src\user\cheat\teleport\ChestTeleport.h">
      <Filter>Header Files</Filter>
    </ClInclude>
    <ClInclude Include="src\user\cheat\teleport\ItemTeleportBase.h">
      <Filter>Header Files</Filter>
    </ClInclude>
    <ClInclude Include="src\user\cheat\teleport\MapTeleport.h">
      <Filter>Header Files</Filter>
    </ClInclude>
    <ClInclude Include="src\user\cheat\teleport\OculiTeleport.h">
      <Filter>Header Files</Filter>
    </ClInclude>
    <ClInclude Include="src\user\cheat\world\DialogSkip.h">
      <Filter>Header Files</Filter>
    </ClInclude>
    <ClInclude Include="src\user\cheat\world\DumbEnemies.h">
      <Filter>Header Files</Filter>
    </ClInclude>
    <ClInclude Include="src\user\cheat\world\MobVacuum.h">
      <Filter>Header Files</Filter>
    </ClInclude>
    <ClInclude Include="src\user\cheat\cheat.h">
      <Filter>Header Files</Filter>
    </ClInclude>
    <ClInclude Include="src\user\cheat\events.h">
      <Filter>Header Files</Filter>
    </ClInclude>
    <ClInclude Include="src\user\cheat\ILPatternScanner.h">
      <Filter>Header Files</Filter>
    </ClInclude>
    <ClInclude Include="src\user\cheat\native.h">
      <Filter>Header Files</Filter>
    </ClInclude>
    <ClInclude Include="src\user\main.h">
      <Filter>Header Files</Filter>
    </ClInclude>
    <ClInclude Include="res\resource.h">
      <Filter>Header Files</Filter>
    </ClInclude>
    <ClInclude Include="src\user\cheat\world\AutoDestroy.h">
      <Filter>Header Files</Filter>
    </ClInclude>
    <ClInclude Include="src\user\cheat\esp\ESP.h">
      <Filter>Header Files</Filter>
    </ClInclude>
    <ClInclude Include="src\user\cheat\esp\ESPItem.h">
      <Filter>Header Files</Filter>
    </ClInclude>
    <ClInclude Include="src\user\cheat\esp\ESPRender.h">
      <Filter>Header Files</Filter>
    </ClInclude>
    <ClInclude Include="src\user\cheat\game\Entity.h">
      <Filter>Header Files</Filter>
    </ClInclude>
    <ClInclude Include="src\user\cheat\game\Chest.h">
      <Filter>Header Files</Filter>
    </ClInclude>
    <ClInclude Include="src\user\cheat\game\EntityManager.h">
      <Filter>Header Files</Filter>
    </ClInclude>
    <ClInclude Include="src\user\cheat\game\CacheFilterExecutor.h">
      <Filter>Header Files</Filter>
    </ClInclude>
    <ClInclude Include="src\user\cheat\game\IEntityFilter.h">
      <Filter>Header Files</Filter>
    </ClInclude>
    <ClInclude Include="src\user\cheat\game\SimpleFilter.h">
      <Filter>Header Files</Filter>
    </ClInclude>
    <ClInclude Include="src\user\cheat\game\util.h">
      <Filter>Header Files</Filter>
    </ClInclude>
    <ClInclude Include="src\user\cheat\game\filters.h">
      <Filter>Header Files</Filter>
    </ClInclude>
    <ClInclude Include="src\user\cheat\game\ChestFilter.h">
      <Filter>Header Files</Filter>
    </ClInclude>
    <ClInclude Include="src\user\cheat\game\AdvancedFilter.h">
      <Filter>Header Files</Filter>
    </ClInclude>
    <ClInclude Include="src\user\cheat\world\ElementalSight.h">
      <Filter>Header Files</Filter>
    </ClInclude>
    <ClInclude Include="src\user\cheat\imap\InteractiveMap.h">
      <Filter>Header Files</Filter>
    </ClInclude>
    <ClInclude Include="src\user\cheat\GenshinCM.h">
      <Filter>Header Files</Filter>
    </ClInclude>
    <ClInclude Include="src\user\cheat\teleport\CustomTeleports.h">
      <Filter>Header Files</Filter>
    </ClInclude>
    <ClInclude Include="src\user\cheat\visuals\FPSUnlock.h">
      <Filter>Header Files</Filter>
    </ClInclude>
    <ClInclude Include="src\user\cheat\visuals\NoFog.h">
      <Filter>Header Files</Filter>
    </ClInclude>
    <ClInclude Include="src\user\cheat\visuals\CameraZoom.h">
      <Filter>Header Files</Filter>
    </ClInclude>
    <ClInclude Include="src\user\cheat\debugger.h">
      <Filter>Header Files</Filter>
    </ClInclude>
    <ClInclude Include="src\user\cheat\visuals\ShowChestIndicator.h">
      <Filter>Header Files</Filter>
    </ClInclude>
    <ClInclude Include="src\user\cheat\visuals\ProfileChanger.h">
      <Filter>Header Files</Filter>
    </ClInclude>
    <ClInclude Include="src\user\cheat\visuals\PaimonFollow.h">
      <Filter>Header Files</Filter>
    </ClInclude>
    <ClInclude Include="src\user\cheat\visuals\HideUI.h">
      <Filter>Header Files</Filter>
    </ClInclude>
    <ClInclude Include="src\user\cheat\visuals\Browser.h">
      <Filter>Header Files</Filter>
    </ClInclude>
    <ClInclude Include="src\user\cheat\visuals\EnablePeeking.h">
      <Filter>Header Files</Filter>
    </ClInclude>
    <ClInclude Include="src\user\cheat\visuals\TextureChanger.h">
      <Filter>Header Files</Filter>
    </ClInclude>
    <ClInclude Include="src\user\cheat\misc\sniffer\pipe\messages\PipeMessage.h">
      <Filter>Header Files</Filter>
    </ClInclude>
    <ClInclude Include="src\user\cheat\misc\sniffer\pipe\messages\PipeModifyData.h">
      <Filter>Header Files</Filter>
    </ClInclude>
    <ClInclude Include="src\user\cheat\misc\sniffer\pipe\messages\PipePacketData.h">
      <Filter>Header Files</Filter>
    </ClInclude>
    <ClInclude Include="src\user\cheat\misc\sniffer\pipe\PipeClient.h">
      <Filter>Header Files</Filter>
    </ClInclude>
    <ClInclude Include="src\user\cheat\misc\sniffer\pipe\PipeIO.h">
      <Filter>Header Files</Filter>
    </ClInclude>
    <ClInclude Include="src\user\cheat\world\AutoSeelie.h">
      <Filter>Header Files</Filter>
    </ClInclude>
    <ClInclude Include="src\user\cheat\world\VacuumLoot.h">
      <Filter>Header Files</Filter>
    </ClInclude>
    <ClInclude Include="src\user\cheat\visuals\FreeCamera.h">
      <Filter>Header Files</Filter>
    </ClInclude>
    <ClInclude Include="src\user\cheat\player\AutoRun.h">
      <Filter>Header Files</Filter>
    </ClInclude>
    <ClInclude Include="src\user\cheat\world\FreezeEnemies.h">
      <Filter>Header Files</Filter>
    </ClInclude>
    <ClInclude Include="src\user\cheat\world\CustomWeather.h">
      <Filter>Header Files</Filter>
    </ClInclude>
    <ClInclude Include="src\user\cheat\visuals\AnimationChanger.h">
      <Filter>Header Files</Filter>
    </ClInclude>
    <ClInclude Include="src\user\cheat\player\FallControl.h">
      <Filter>Header Files</Filter>
    </ClInclude>
    <ClInclude Include="src\user\cheat\world\AutoChallenge.h">
      <Filter>Header Files</Filter>
    </ClInclude>
    <ClInclude Include="src\user\cheat\world\OpenTeamImmediately.h">
      <Filter>Header Files</Filter>
    </ClInclude>
    <ClInclude Include="src\user\cheat\misc\About.h">
      <Filter>Header Files</Filter>
    </ClInclude>
    <ClInclude Include="src\user\cheat\world\GameSpeed.h">
      <Filter>Header Files</Filter>
    </ClInclude>
    <ClInclude Include="src\user\cheat\misc\BlockWindSeed.h">
      <Filter>Header Files</Filter>
    </ClInclude>
    <ClInclude Include="src\user\cheat\world\SkipEnhanceAnimation.h">
      <Filter>Header Files</Filter>
    </ClInclude>
    <ClInclude Include="src\user\cheat\visuals\ShowSkillCD.h">
      <Filter>Header Files</Filter>
    </ClInclude>
    <ClInclude Include="src\user\cheat\game\xxHash.hpp">
      <Filter>Header Files</Filter>
    </ClInclude>
    <ClInclude Include="src\user\cheat\esp\ESPCustomFilter.h">
      <Filter>Header Files</Filter>
    </ClInclude>
    <ClInclude Include="src\user\cheat\teleport\QuestTeleport.h">
      <Filter>Header Files</Filter>
    </ClInclude>
    <ClInclude Include="src\user\cheat\misc\RSAPatch.h">
      <Filter>Header Files</Filter>
    </ClInclude>
    <ClInclude Include="src\user\cheat\game\EntityAppearManager.h">
      <Filter>Header Files</Filter>
    </ClInclude>
  </ItemGroup>
  <ItemGroup>
    <Font Include="res\Ruda-Bold.ttf" />
    <Font Include="res\Ruda-ExtraBold.ttf" />
    <Font Include="res\NotoSansSC-Bold.otf" />
  </ItemGroup>
  <ItemGroup>
    <ClCompile Include="src\framework\dllmain.cpp">
      <Filter>Source Files</Filter>
    </ClCompile>
    <ClCompile Include="src\framework\helpers.cpp">
      <Filter>Source Files</Filter>
    </ClCompile>
    <ClCompile Include="src\framework\il2cpp-init.cpp">
      <Filter>Source Files</Filter>
    </ClCompile>
    <ClCompile Include="src\framework\pch-il2cpp.cpp">
      <Filter>Source Files</Filter>
    </ClCompile>
    <ClCompile Include="src\user\cheat\misc\sniffer\PacketSniffer.cpp">
      <Filter>Source Files</Filter>
    </ClCompile>
    <ClCompile Include="src\user\cheat\misc\Debug.cpp">
      <Filter>Source Files</Filter>
    </ClCompile>
    <ClCompile Include="src\user\cheat\misc\Hotkeys.cpp">
      <Filter>Source Files</Filter>
    </ClCompile>
    <ClCompile Include="src\user\cheat\misc\ProtectionBypass.cpp">
      <Filter>Source Files</Filter>
    </ClCompile>
    <ClCompile Include="src\user\cheat\player\GodMode.cpp">
      <Filter>Source Files</Filter>
    </ClCompile>
    <ClCompile Include="src\user\cheat\player\InfiniteStamina.cpp">
      <Filter>Source Files</Filter>
    </ClCompile>
    <ClCompile Include="src\user\cheat\player\NoCD.cpp">
      <Filter>Source Files</Filter>
    </ClCompile>
    <ClCompile Include="src\user\cheat\player\NoClip.cpp">
      <Filter>Source Files</Filter>
    </ClCompile>
    <ClCompile Include="src\user\cheat\teleport\ChestTeleport.cpp">
      <Filter>Source Files</Filter>
    </ClCompile>
    <ClCompile Include="src\user\cheat\teleport\ItemTeleportBase.cpp">
      <Filter>Source Files</Filter>
    </ClCompile>
    <ClCompile Include="src\user\cheat\teleport\MapTeleport.cpp">
      <Filter>Source Files</Filter>
    </ClCompile>
    <ClCompile Include="src\user\cheat\teleport\OculiTeleport.cpp">
      <Filter>Source Files</Filter>
    </ClCompile>
    <ClCompile Include="src\user\cheat\world\DialogSkip.cpp">
      <Filter>Source Files</Filter>
    </ClCompile>
    <ClCompile Include="src\user\cheat\world\DumbEnemies.cpp">
      <Filter>Source Files</Filter>
    </ClCompile>
    <ClCompile Include="src\user\cheat\world\MobVacuum.cpp">
      <Filter>Source Files</Filter>
    </ClCompile>
    <ClCompile Include="src\user\cheat\cheat.cpp">
      <Filter>Source Files</Filter>
    </ClCompile>
    <ClCompile Include="src\user\cheat\events.cpp">
      <Filter>Source Files</Filter>
    </ClCompile>
    <ClCompile Include="src\user\cheat\ILPatternScanner.cpp">
      <Filter>Source Files</Filter>
    </ClCompile>
    <ClCompile Include="src\user\cheat\native.cpp">
      <Filter>Source Files</Filter>
    </ClCompile>
    <ClCompile Include="src\user\main.cpp">
      <Filter>Source Files</Filter>
    </ClCompile>
    <ClCompile Include="src\user\cheat\world\AutoDestroy.cpp">
      <Filter>Source Files</Filter>
    </ClCompile>
    <ClCompile Include="src\user\cheat\esp\ESP.cpp">
      <Filter>Source Files</Filter>
    </ClCompile>
    <ClCompile Include="src\user\cheat\esp\ESPRender.cpp">
      <Filter>Source Files</Filter>
    </ClCompile>
    <ClCompile Include="src\user\cheat\game\Entity.cpp">
      <Filter>Source Files</Filter>
    </ClCompile>
    <ClCompile Include="src\user\cheat\game\Chest.cpp">
      <Filter>Source Files</Filter>
    </ClCompile>
    <ClCompile Include="src\user\cheat\game\EntityManager.cpp">
      <Filter>Source Files</Filter>
    </ClCompile>
    <ClCompile Include="src\user\cheat\game\CacheFilterExecutor.cpp">
      <Filter>Source Files</Filter>
    </ClCompile>
    <ClCompile Include="src\user\cheat\game\SimpleFilter.cpp">
      <Filter>Source Files</Filter>
    </ClCompile>
    <ClCompile Include="src\user\cheat\game\util.cpp">
      <Filter>Source Files</Filter>
    </ClCompile>
    <ClCompile Include="src\user\cheat\game\filters.cpp">
      <Filter>Source Files</Filter>
    </ClCompile>
    <ClCompile Include="src\user\cheat\game\ChestFilter.cpp">
      <Filter>Source Files</Filter>
    </ClCompile>
    <ClCompile Include="src\user\cheat\imap\InteractiveMap.cpp">
      <Filter>Source Files</Filter>
    </ClCompile>
    <ClCompile Include="src\user\cheat\world\ElementalSight.cpp">
      <Filter>Source Files</Filter>
    </ClCompile>
    <ClCompile Include="src\user\cheat\GenshinCM.cpp">
      <Filter>Source Files</Filter>
    </ClCompile>
    <ClCompile Include="src\user\cheat\teleport\CustomTeleports.cpp">
      <Filter>Source Files</Filter>
    </ClCompile>
    <ClCompile Include="src\user\cheat\visuals\FPSUnlock.cpp">
      <Filter>Source Files</Filter>
    </ClCompile>
    <ClCompile Include="src\user\cheat\visuals\NoFog.cpp">
      <Filter>Source Files</Filter>
    </ClCompile>
    <ClCompile Include="src\user\cheat\visuals\CameraZoom.cpp">
      <Filter>Source Files</Filter>
    </ClCompile>
    <ClCompile Include="src\user\cheat\visuals\ShowChestIndicator.cpp">
      <Filter>Source Files</Filter>
    </ClCompile>
    <ClCompile Include="src\user\cheat\debugger.cpp">
      <Filter>Source Files</Filter>
    </ClCompile>
    <ClCompile Include="src\user\cheat\visuals\ProfileChanger.cpp">
      <Filter>Source Files</Filter>
    </ClCompile>
    <ClCompile Include="src\user\cheat\visuals\PaimonFollow.cpp">
      <Filter>Source Files</Filter>
    </ClCompile>
    <ClCompile Include="src\user\cheat\visuals\HideUI.cpp">
      <Filter>Source Files</Filter>
    </ClCompile>
    <ClCompile Include="src\user\cheat\visuals\Browser.cpp">
      <Filter>Source Files</Filter>
    </ClCompile>
    <ClCompile Include="src\user\cheat\visuals\EnablePeeking.cpp">
      <Filter>Source Files</Filter>
    </ClCompile>
    <ClCompile Include="src\user\cheat\visuals\TextureChanger.cpp">
      <Filter>Source Files</Filter>
    </ClCompile>
    <ClCompile Include="src\user\cheat\world\AutoSeelie.cpp">
      <Filter>Source Files</Filter>
    </ClCompile>
    <ClCompile Include="src\user\cheat\world\VacuumLoot.cpp">
      <Filter>Source Files</Filter>
    </ClCompile>
    <ClCompile Include="src\user\cheat\misc\sniffer\pipe\messages\PipeMessage.cpp">
      <Filter>Source Files</Filter>
    </ClCompile>
    <ClCompile Include="src\user\cheat\misc\sniffer\pipe\messages\PipeModifyData.cpp">
      <Filter>Source Files</Filter>
    </ClCompile>
    <ClCompile Include="src\user\cheat\misc\sniffer\pipe\messages\PipePacketData.cpp">
      <Filter>Source Files</Filter>
    </ClCompile>
    <ClCompile Include="src\user\cheat\misc\sniffer\pipe\PipeClient.cpp">
      <Filter>Source Files</Filter>
    </ClCompile>
    <ClCompile Include="src\user\cheat\misc\sniffer\pipe\PipeIO.cpp">
      <Filter>Source Files</Filter>
    </ClCompile>
    <ClCompile Include="src\user\cheat\visuals\FreeCamera.cpp">
      <Filter>Source Files</Filter>
    </ClCompile>
    <ClCompile Include="src\user\cheat\player\AutoRun.cpp">
      <Filter>Source Files</Filter>
    </ClCompile>
    <ClCompile Include="src\user\cheat\world\FreezeEnemies.cpp">
      <Filter>Source Files</Filter>
    </ClCompile>
    <ClCompile Include="src\user\cheat\world\CustomWeather.cpp">
      <Filter>Source Files</Filter>
    </ClCompile>
    <ClCompile Include="src\user\cheat\visuals\AnimationChanger.cpp">
      <Filter>Source Files</Filter>
    </ClCompile>
    <ClCompile Include="src\user\cheat\player\FallControl.cpp">
      <Filter>Source Files</Filter>
    </ClCompile>
    <ClCompile Include="src\user\cheat\world\AutoChallenge.cpp">
      <Filter>Source Files</Filter>
    </ClCompile>
    <ClCompile Include="src\user\cheat\world\OpenTeamImmediately.cpp">
      <Filter>Source Files</Filter>
    </ClCompile>
    <ClCompile Include="src\user\cheat\misc\About.cpp">
      <Filter>Source Files</Filter>
    </ClCompile>
    <ClCompile Include="src\user\cheat\world\GameSpeed.cpp">
      <Filter>Source Files</Filter>
    </ClCompile>
    <ClCompile Include="src\user\cheat\misc\BlockWindSeed.cpp">
      <Filter>Source Files</Filter>
    </ClCompile>
    <ClCompile Include="src\user\cheat\world\SkipEnhanceAnimation.cpp">
      <Filter>Source Files</Filter>
    </ClCompile>
    <ClCompile Include="src\user\cheat\visuals\ShowSkillCD.cpp">
      <Filter>Source Files</Filter>
    </ClCompile>
    <ClCompile Include="src\user\cheat\esp\ESPCustomFilter.cpp">
      <Filter>Source Files</Filter>
    </ClCompile>
    <ClCompile Include="src\user\cheat\teleport\QuestTeleport.cpp">
      <Filter>Source Files</Filter>
    </ClCompile>
    <ClCompile Include="src\user\cheat\misc\RSAPatch.cpp">
      <Filter>Source Files</Filter>
    </ClCompile>
    <ClCompile Include="src\user\cheat\game\EntityAppearManager.cpp">
      <Filter>Source Files</Filter>
    </ClCompile>
  </ItemGroup>
  <ItemGroup>
    <None Include="res\signatures.json" />
    <None Include="res\map_enkanomiya.json" />
    <None Include="res\map_teyvat.json" />
    <None Include="res\map_undeground_mines.json" />
    <None Include="res\assembly_checksum.json" />
    <None Include="res\map_golden_apple_archipelago.json" />
    <None Include="res\ascension_materials.json" />
    <None Include="res\languages.json" />
  </ItemGroup>
  <ItemGroup>
    <ResourceCompile Include="res\res.rc">
      <Filter>Resource Files</Filter>
    </ResourceCompile>
  </ItemGroup>
</Project>